
Microsoft Visual Studio Solution File, Format Version 12.00
# Visual Studio 15
VisualStudioVersion = 15.0.26730.8
MinimumVisualStudioVersion = 10.0.40219.1
Project("{FAE04EC0-301F-11D3-BF4B-00C04F79EFBC}") = "Tracker.Engine", "Tracker.Engine\Tracker.Engine.csproj", "{DDA2A0AC-F2EB-4772-882F-BCC5D39DB41C}"
EndProject
Project("{FAE04EC0-301F-11D3-BF4B-00C04F79EFBC}") = "Tracker.Business.Entities", "Tracker.Business.Entities\Tracker.Business.Entities.csproj", "{D8C54B14-ECC5-47D5-BC35-BA4BF7B5DB43}"
EndProject
Project("{FAE04EC0-301F-11D3-BF4B-00C04F79EFBC}") = "Tracker.Tests", "Tracker.Tests\Tracker.Tests.csproj", "{9BE0CF8C-E2C6-46D8-978A-0A34020252D0}"
EndProject
Project("{FAE04EC0-301F-11D3-BF4B-00C04F79EFBC}") = "WinformsUI", "WinformsUI\WinformsUI.csproj", "{34335287-7328-4871-83FD-4C355F8AC91D}"
EndProject
Global
	GlobalSection(SolutionConfigurationPlatforms) = preSolution
		Debug|Any CPU = Debug|Any CPU
		Release|Any CPU = Release|Any CPU
	EndGlobalSection
	GlobalSection(ProjectConfigurationPlatforms) = postSolution
		{DDA2A0AC-F2EB-4772-882F-BCC5D39DB41C}.Debug|Any CPU.ActiveCfg = Debug|Any CPU
		{DDA2A0AC-F2EB-4772-882F-BCC5D39DB41C}.Debug|Any CPU.Build.0 = Debug|Any CPU
		{DDA2A0AC-F2EB-4772-882F-BCC5D39DB41C}.Release|Any CPU.ActiveCfg = Release|Any CPU
		{DDA2A0AC-F2EB-4772-882F-BCC5D39DB41C}.Release|Any CPU.Build.0 = Release|Any CPU
		{D8C54B14-ECC5-47D5-BC35-BA4BF7B5DB43}.Debug|Any CPU.ActiveCfg = Debug|Any CPU
		{D8C54B14-ECC5-47D5-BC35-BA4BF7B5DB43}.Debug|Any CPU.Build.0 = Debug|Any CPU
		{D8C54B14-ECC5-47D5-BC35-BA4BF7B5DB43}.Release|Any CPU.ActiveCfg = Release|Any CPU
		{D8C54B14-ECC5-47D5-BC35-BA4BF7B5DB43}.Release|Any CPU.Build.0 = Release|Any CPU
		{9BE0CF8C-E2C6-46D8-978A-0A34020252D0}.Debug|Any CPU.ActiveCfg = Debug|Any CPU
		{9BE0CF8C-E2C6-46D8-978A-0A34020252D0}.Debug|Any CPU.Build.0 = Debug|Any CPU
		{9BE0CF8C-E2C6-46D8-978A-0A34020252D0}.Release|Any CPU.ActiveCfg = Release|Any CPU
		{9BE0CF8C-E2C6-46D8-978A-0A34020252D0}.Release|Any CPU.Build.0 = Release|Any CPU
		{34335287-7328-4871-83FD-4C355F8AC91D}.Debug|Any CPU.ActiveCfg = Debug|Any CPU
		{34335287-7328-4871-83FD-4C355F8AC91D}.Debug|Any CPU.Build.0 = Debug|Any CPU
		{34335287-7328-4871-83FD-4C355F8AC91D}.Release|Any CPU.ActiveCfg = Release|Any CPU
		{34335287-7328-4871-83FD-4C355F8AC91D}.Release|Any CPU.Build.0 = Release|Any CPU
	EndGlobalSection
	GlobalSection(SolutionProperties) = preSolution
		HideSolutionNode = FALSE
	EndGlobalSection
	GlobalSection(ExtensibilityGlobals) = postSolution
		SolutionGuid = {3FE4D3DB-B505-4548-B804-7C13719BE02D}
	EndGlobalSection
EndGlobal
